
Microsoft Visual Studio Solution File, Format Version 12.00
# Visual Studio Version 17
VisualStudioVersion = 17.9.34723.18
MinimumVisualStudioVersion = 10.0.40219.1
Project("{9A19103F-16F7-4668-BE54-9A1E7A4F7556}") = "WebKrot", "WebKrot\WebKrot.csproj", "{2773B7FB-2475-42E0-AAE2-6391E3F5DDC1}"
EndProject
Project("{9A19103F-16F7-4668-BE54-9A1E7A4F7556}") = "Core", "Core\Core.csproj", "{73D561CE-EB7C-4465-9904-1CA80BE03A5C}"
EndProject
Project("{FAE04EC0-301F-11D3-BF4B-00C04F79EFBC}") = "Infrastructure", "Infrastructure\Infrastructure.csproj", "{9EAC6A92-725B-439D-9966-704D42F7A33A}"
EndProject
Global
	GlobalSection(SolutionConfigurationPlatforms) = preSolution
		Debug|Any CPU = Debug|Any CPU
		Release|Any CPU = Release|Any CPU
	EndGlobalSection
	GlobalSection(ProjectConfigurationPlatforms) = postSolution
		{2773B7FB-2475-42E0-AAE2-6391E3F5DDC1}.Debug|Any CPU.ActiveCfg = Debug|Any CPU
		{2773B7FB-2475-42E0-AAE2-6391E3F5DDC1}.Debug|Any CPU.Build.0 = Debug|Any CPU
		{2773B7FB-2475-42E0-AAE2-6391E3F5DDC1}.Release|Any CPU.ActiveCfg = Release|Any CPU
		{2773B7FB-2475-42E0-AAE2-6391E3F5DDC1}.Release|Any CPU.Build.0 = Release|Any CPU
		{73D561CE-EB7C-4465-9904-1CA80BE03A5C}.Debug|Any CPU.ActiveCfg = Debug|Any CPU
		{73D561CE-EB7C-4465-9904-1CA80BE03A5C}.Debug|Any CPU.Build.0 = Debug|Any CPU
		{73D561CE-EB7C-4465-9904-1CA80BE03A5C}.Release|Any CPU.ActiveCfg = Release|Any CPU
		{73D561CE-EB7C-4465-9904-1CA80BE03A5C}.Release|Any CPU.Build.0 = Release|Any CPU
		{9EAC6A92-725B-439D-9966-704D42F7A33A}.Debug|Any CPU.ActiveCfg = Debug|Any CPU
		{9EAC6A92-725B-439D-9966-704D42F7A33A}.Debug|Any CPU.Build.0 = Debug|Any CPU
		{9EAC6A92-725B-439D-9966-704D42F7A33A}.Release|Any CPU.ActiveCfg = Release|Any CPU
		{9EAC6A92-725B-439D-9966-704D42F7A33A}.Release|Any CPU.Build.0 = Release|Any CPU
	EndGlobalSection
	GlobalSection(SolutionProperties) = preSolution
		HideSolutionNode = FALSE
	EndGlobalSection
	GlobalSection(ExtensibilityGlobals) = postSolution
		SolutionGuid = {0B41D5A2-DDF9-40F0-A801-73CDA82C3E83}
	EndGlobalSection
EndGlobal
